
Microsoft Visual Studio Solution File, Format Version 12.00
# Visual Studio Version 16
VisualStudioVersion = 16.0.29920.165
MinimumVisualStudioVersion = 10.0.40219.1
Project("{FAE04EC0-301F-11D3-BF4B-00C04F79EFBC}") = "WebApp", "WebApp.csproj", "{5B0B01D9-F20F-4779-9ACF-33D3AC0449CE}"
EndProject
Global
	GlobalSection(SolutionConfigurationPlatforms) = preSolution
		Debug|Any CPU = Debug|Any CPU
		Release|Any CPU = Release|Any CPU
	EndGlobalSection
	GlobalSection(ProjectConfigurationPlatforms) = postSolution
		{5B0B01D9-F20F-4779-9ACF-33D3AC0449CE}.Debug|Any CPU.ActiveCfg = Debug|Any CPU
		{5B0B01D9-F20F-4779-9ACF-33D3AC0449CE}.Debug|Any CPU.Build.0 = Debug|Any CPU
		{5B0B01D9-F20F-4779-9ACF-33D3AC0449CE}.Release|Any CPU.ActiveCfg = Release|Any CPU
		{5B0B01D9-F20F-4779-9ACF-33D3AC0449CE}.Release|Any CPU.Build.0 = Release|Any CPU
	EndGlobalSection
	GlobalSection(SolutionProperties) = preSolution
		HideSolutionNode = FALSE
	EndGlobalSection
	GlobalSection(ExtensibilityGlobals) = postSolution
		SolutionGuid = {60AB9D1A-F72F-4D3C-AB51-BD95F830DC2E}
	EndGlobalSection
EndGlobal
